Microsoft Visual Studio Solution File, Format Version 12.00
# Visual Studio Version 17
VisualStudioVersion = 17.5.2.0
MinimumVisualStudioVersion = 10.0.40219.1
Project("{FAE04EC0-301F-11D3-BF4B-00C04F79EFBC}") = "BlazorAppAstar", "BlazorAppAstar.csproj", "{3EB9F9FD-D25D-7005-6B3B-F8C190EDDFDE}"
EndProject
Global
	GlobalSection(SolutionConfigurationPlatforms) = preSolution
		Debug|Any CPU = Debug|Any CPU
		Release|Any CPU = Release|Any CPU
	EndGlobalSection
	GlobalSection(ProjectConfigurationPlatforms) = postSolution
		{3EB9F9FD-D25D-7005-6B3B-F8C190EDDFDE}.Debug|Any CPU.ActiveCfg = Debug|Any CPU
		{3EB9F9FD-D25D-7005-6B3B-F8C190EDDFDE}.Debug|Any CPU.Build.0 = Debug|Any CPU
		{3EB9F9FD-D25D-7005-6B3B-F8C190EDDFDE}.Release|Any CPU.ActiveCfg = Release|Any CPU
		{3EB9F9FD-D25D-7005-6B3B-F8C190EDDFDE}.Release|Any CPU.Build.0 = Release|Any CPU
	EndGlobalSection
	GlobalSection(SolutionProperties) = preSolution
		HideSolutionNode = FALSE
	EndGlobalSection
	GlobalSection(ExtensibilityGlobals) = postSolution
		SolutionGuid = {70057405-C761-45D0-B60A-822EF140F8D2}
	EndGlobalSection
EndGlobal
